// !$*UTF8*$!
{
	archiveVersion = 1;
	classes = {
	};
	objectVersion = 55;
	objects = {

/* Begin PBXBuildFile section */
		D44D65F227BFEAE3007346AB /* AppDelegate.swift in Sources */ = {isa = PBXBuildFile; fileRef = D44D65F127BFEAE3007346AB /* AppDelegate.swift */; };
		D44D65F427BFEAE3007346AB /* SceneDelegate.swift in Sources */ = {isa = PBXBuildFile; fileRef = D44D65F327BFEAE3007346AB /* SceneDelegate.swift */; };
		D44D65F627BFEAE3007346AB /* HomeViewController.swift in Sources */ = {isa = PBXBuildFile; fileRef = D44D65F527BFEAE3007346AB /* HomeViewController.swift */; };
		D44D65FB27BFEAE4007346AB /* Assets.xcassets in Resources */ = {isa = PBXBuildFile; fileRef = D44D65FA27BFEAE4007346AB /* Assets.xcassets */; };
		D44D65FE27BFEAE4007346AB /* LaunchScreen.storyboard in Resources */ = {isa = PBXBuildFile; fileRef = D44D65FC27BFEAE4007346AB /* LaunchScreen.storyboard */; };
		D44D660827C13039007346AB /* BottomView.swift in Sources */ = {isa = PBXBuildFile; fileRef = D44D660727C13039007346AB /* BottomView.swift */; };
		D44D660A27C21B63007346AB /* BottomButtonView.swift in Sources */ = {isa = PBXBuildFile; fileRef = D44D660927C21B63007346AB /* BottomButtonView.swift */; };
		D44D660D27C2352A007346AB /* UIImageExtension.swift in Sources */ = {isa = PBXBuildFile; fileRef = D44D660C27C2352A007346AB /* UIImageExtension.swift */; };
		D44D660F27C242BF007346AB /* TopView.swift in Sources */ = {isa = PBXBuildFile; fileRef = D44D660E27C242BF007346AB /* TopView.swift */; };
/* End PBXBuildFile section */

/* Begin PBXFileReference section */
		D44D65EE27BFEAE3007346AB /* tinder-app.app */ = {isa = PBXFileReference; explicitFileType = wrapper.application; includeInIndex = 0; path = "tinder-app.app"; sourceTree = BUILT_PRODUCTS_DIR; };
		D44D65F127BFEAE3007346AB /* AppDelegate.swift */ = {isa = PBXFileReference; lastKnownFileType = sourcecode.swift; path = AppDelegate.swift; sourceTree = "<group>"; };
		D44D65F327BFEAE3007346AB /* SceneDelegate.swift */ = {isa = PBXFileReference; lastKnownFileType = sourcecode.swift; path = SceneDelegate.swift; sourceTree = "<group>"; };
		D44D65F527BFEAE3007346AB /* HomeViewController.swift */ = {isa = PBXFileReference; lastKnownFileType = sourcecode.swift; path = HomeViewController.swift; sourceTree = "<group>"; };
		D44D65FA27BFEAE4007346AB /* Assets.xcassets */ = {isa = PBXFileReference; lastKnownFileType = folder.assetcatalog; path = Assets.xcassets; sourceTree = "<group>"; };
		D44D65FD27BFEAE4007346AB /* Base */ = {isa = PBXFileReference; lastKnownFileType = file.storyboard; name = Base; path = Base.lproj/LaunchScreen.storyboard; sourceTree = "<group>"; };
		D44D65FF27BFEAE4007346AB /* Info.plist */ = {isa = PBXFileReference; lastKnownFileType = text.plist.xml; path = Info.plist; sourceTree = "<group>"; };
		D44D660727C13039007346AB /* BottomView.swift */ = {isa = PBXFileReference; lastKnownFileType = sourcecode.swift; path = BottomView.swift; sourceTree = "<group>"; };
		D44D660927C21B63007346AB /* BottomButtonView.swift */ = {isa = PBXFileReference; lastKnownFileType = sourcecode.swift; path = BottomButtonView.swift; sourceTree = "<group>"; };
		D44D660C27C2352A007346AB /* UIImageExtension.swift */ = {isa = PBXFileReference; lastKnownFileType = sourcecode.swift; path = UIImageExtension.swift; sourceTree = "<group>"; };
		D44D660E27C242BF007346AB /* TopView.swift */ = {isa = PBXFileReference; lastKnownFileType = sourcecode.swift; path = TopView.swift; sourceTree = "<group>"; };
/* End PBXFileReference section */

/* Begin PBXFrameworksBuildPhase section */
		D44D65EB27BFEAE3007346AB /* Frameworks */ = {
			isa = PBXFrameworksBuildPhase;
			buildActionMask = 2147483647;
			files = (
			);
			runOnlyForDeploymentPostprocessing = 0;
		};
/* End PBXFrameworksBuildPhase section */

/* Begin PBXGroup section */
		D44D65E527BFEAE3007346AB = {
			isa = PBXGroup;
			children = (
				D44D65F027BFEAE3007346AB /* tinder-app */,
				D44D65EF27BFEAE3007346AB /* Products */,
			);
			sourceTree = "<group>";
		};
		D44D65EF27BFEAE3007346AB /* Products */ = {
			isa = PBXGroup;
			children = (
				D44D65EE27BFEAE3007346AB /* tinder-app.app */,
			);
			name = Products;
			sourceTree = "<group>";
		};
		D44D65F027BFEAE3007346AB /* tinder-app */ = {
			isa = PBXGroup;
			children = (
				D44D660B27C23519007346AB /* Extensions */,
				D44D660627C13000007346AB /* Views */,
				D44D65F127BFEAE3007346AB /* AppDelegate.swift */,
				D44D660527C12F56007346AB /* ViewControllers */,
				D44D65F327BFEAE3007346AB /* SceneDelegate.swift */,
				D44D65FA27BFEAE4007346AB /* Assets.xcassets */,
				D44D65FC27BFEAE4007346AB /* LaunchScreen.storyboard */,
				D44D65FF27BFEAE4007346AB /* Info.plist */,
			);
			path = "tinder-app";
			sourceTree = "<group>";
		};
		D44D660527C12F56007346AB /* ViewControllers */ = {
			isa = PBXGroup;
			children = (
				D44D65F527BFEAE3007346AB /* HomeViewController.swift */,
			);
			path = ViewControllers;
			sourceTree = "<group>";
		};
		D44D660627C13000007346AB /* Views */ = {
			isa = PBXGroup;
			children = (
				D44D660727C13039007346AB /* BottomView.swift */,
				D44D660927C21B63007346AB /* BottomButtonView.swift */,
				D44D660E27C242BF007346AB /* TopView.swift */,
			);
			path = Views;
			sourceTree = "<group>";
		};
		D44D660B27C23519007346AB /* Extensions */ = {
			isa = PBXGroup;
			children = (
				D44D660C27C2352A007346AB /* UIImageExtension.swift */,
			);
			path = Extensions;
			sourceTree = "<group>";
		};
/* End PBXGroup section */

/* Begin PBXNativeTarget section */
		D44D65ED27BFEAE3007346AB /* tinder-app */ = {
			isa = PBXNativeTarget;
			buildConfigurationList = D44D660227BFEAE4007346AB /* Build configuration list for PBXNativeTarget "tinder-app" */;
			buildPhases = (
				D44D65EA27BFEAE3007346AB /* Sources */,
				D44D65EB27BFEAE3007346AB /* Frameworks */,
				D44D65EC27BFEAE3007346AB /* Resources */,
			);
			buildRules = (
			);
			dependencies = (
			);
			name = "tinder-app";
			productName = "tinder-app";
			productReference = D44D65EE27BFEAE3007346AB /* tinder-app.app */;
			productType = "com.apple.product-type.application";
		};
/* End PBXNativeTarget section */

/* Begin PBXProject section */
		D44D65E627BFEAE3007346AB /* Project object */ = {
			isa = PBXProject;
			attributes = {
				BuildIndependentTargetsInParallel = 1;
				LastSwiftUpdateCheck = 1300;
				LastUpgradeCheck = 1300;
				TargetAttributes = {
					D44D65ED27BFEAE3007346AB = {
						CreatedOnToolsVersion = 13.0;
					};
				};
			};
			buildConfigurationList = D44D65E927BFEAE3007346AB /* Build configuration list for PBXProject "tinder-app" */;
			compatibilityVersion = "Xcode 13.0";
			developmentRegion = en;
			hasScannedForEncodings = 0;
			knownRegions = (
				en,
				Base,
			);
			mainGroup = D44D65E527BFEAE3007346AB;
			productRefGroup = D44D65EF27BFEAE3007346AB /* Products */;
			projectDirPath = "";
			projectRoot = "";
			targets = (
				D44D65ED27BFEAE3007346AB /* tinder-app */,
			);
		};
/* End PBXProject section */

/* Begin PBXResourcesBuildPhase section */
		D44D65EC27BFEAE3007346AB /* Resources */ = {
			isa = PBXResourcesBuildPhase;
			buildActionMask = 2147483647;
			files = (
				D44D65FE27BFEAE4007346AB /* LaunchScreen.storyboard in Resources */,
				D44D65FB27BFEAE4007346AB /* Assets.xcassets in Resources */,
			);
			runOnlyForDeploymentPostprocessing = 0;
		};
/* End PBXResourcesBuildPhase section */

/* Begin PBXSourcesBuildPhase section */
		D44D65EA27BFEAE3007346AB /* Sources */ = {
			isa = PBXSourcesBuildPhase;
			buildActionMask = 2147483647;
			files = (
				D44D660F27C242BF007346AB /* TopView.swift in Sources */,
				D44D65F627BFEAE3007346AB /* HomeViewController.swift in Sources */,
				D44D660A27C21B63007346AB /* BottomButtonView.swift in Sources */,
				D44D65F227BFEAE3007346AB /* AppDelegate.swift in Sources */,
				D44D65F427BFEAE3007346AB /* SceneDelegate.swift in Sources */,
				D44D660827C13039007346AB /* BottomView.swift in Sources */,
				D44D660D27C2352A007346AB /* UIImageExtension.swift in Sources */,
			);
			runOnlyForDeploymentPostprocessing = 0;
		};
/* End PBXSourcesBuildPhase section */

/* Begin PBXVariantGroup section */
		D44D65FC27BFEAE4007346AB /* LaunchScreen.storyboard */ = {
			isa = PBXVariantGroup;
			children = (
				D44D65FD27BFEAE4007346AB /* Base */,
			);
			name = LaunchScreen.storyboard;
			sourceTree = "<group>";
		};
/* End PBXVariantGroup section */

/* Begin XCBuildConfiguration section */
		D44D660027BFEAE4007346AB /* Debug */ = {
			isa = XCBuildConfiguration;
			buildSettings = {
				ALWAYS_SEARCH_USER_PATHS = NO;
				CLANG_ANALYZER_NONNULL = YES;
				CLANG_ANALYZER_NUMBER_OBJECT_CONVERSION = YES_AGGRESSIVE;
				CLANG_CXX_LANGUAGE_STANDARD = "gnu++17";
				CLANG_CXX_LIBRARY = "libc++";
				CLANG_ENABLE_MODULES = YES;
				CLANG_ENABLE_OBJC_ARC = YES;
				CLANG_ENABLE_OBJC_WEAK = YES;
				CLANG_WARN_BLOCK_CAPTURE_AUTORELEASING = YES;
				CLANG_WARN_BOOL_CONVERSION = YES;
				CLANG_WARN_COMMA = YES;
				CLANG_WARN_CONSTANT_CONVERSION = YES;
				CLANG_WARN_DEPRECATED_OBJC_IMPLEMENTATIONS = YES;
				CLANG_WARN_DIRECT_OBJC_ISA_USAGE = YES_ERROR;
				CLANG_WARN_DOCUMENTATION_COMMENTS = YES;
				CLANG_WARN_EMPTY_BODY = YES;
				CLANG_WARN_ENUM_CONVERSION = YES;
				CLANG_WARN_INFINITE_RECURSION = YES;
				CLANG_WARN_INT_CONVERSION = YES;
				CLANG_WARN_NON_LITERAL_NULL_CONVERSION = YES;
				CLANG_WARN_OBJC_IMPLICIT_RETAIN_SELF = YES;
				CLANG_WARN_OBJC_LITERAL_CONVERSION = YES;
				CLANG_WARN_OBJC_ROOT_CLASS = YES_ERROR;
				CLANG_WARN_QUOTED_INCLUDE_IN_FRAMEWORK_HEADER = YES;
				CLANG_WARN_RANGE_LOOP_ANALYSIS = YES;
				CLANG_WARN_STRICT_PROTOTYPES = YES;
				CLANG_WARN_SUSPICIOUS_MOVE = YES;
				CLANG_WARN_UNGUARDED_AVAILABILITY = YES_AGGRESSIVE;
				CLANG_WARN_UNREACHABLE_CODE = YES;
				CLANG_WARN__DUPLICATE_METHOD_MATCH = YES;
				COPY_PHASE_STRIP = NO;
				DEBUG_INFORMATION_FORMAT = dwarf;
				ENABLE_STRICT_OBJC_MSGSEND = YES;
				ENABLE_TESTABILITY = YES;
				GCC_C_LANGUAGE_STANDARD = gnu11;
				GCC_DYNAMIC_NO_PIC = NO;
				GCC_NO_COMMON_BLOCKS = YES;
				GCC_OPTIMIZATION_LEVEL = 0;
				GCC_PREPROCESSOR_DEFINITIONS = (
					"DEBUG=1",
					"$(inherited)",
				);
				GCC_WARN_64_TO_32_BIT_CONVERSION = YES;
				GCC_WARN_ABOUT_RETURN_TYPE = YES_ERROR;
				GCC_WARN_UNDECLARED_SELECTOR = YES;
				GCC_WARN_UNINITIALIZED_AUTOS = YES_AGGRESSIVE;
				GCC_WARN_UNUSED_FUNCTION = YES;
				GCC_WARN_UNUSED_VARIABLE = YES;
				IPHONEOS_DEPLOYMENT_TARGET = 15.0;
				MTL_ENABLE_DEBUG_INFO = INCLUDE_SOURCE;
				MTL_FAST_MATH = YES;
				ONLY_ACTIVE_ARCH = YES;
				SDKROOT = iphoneos;
				SWIFT_ACTIVE_COMPILATION_CONDITIONS = DEBUG;
				SWIFT_OPTIMIZATION_LEVEL = "-Onone";
			};
			name = Debug;
		};
		D44D660127BFEAE4007346AB /* Release */ = {
			isa = XCBuildConfiguration;
			buildSettings = {
				ALWAYS_SEARCH_USER_PATHS = NO;
				CLANG_ANALYZER_NONNULL = YES;
				CLANG_ANALYZER_NUMBER_OBJECT_CONVERSION = YES_AGGRESSIVE;
				CLANG_CXX_LANGUAGE_STANDARD = "gnu++17";
				CLANG_CXX_LIBRARY = "libc++";
				CLANG_ENABLE_MODULES = YES;
				CLANG_ENABLE_OBJC_ARC = YES;
				CLANG_ENABLE_OBJC_WEAK = YES;
				CLANG_WARN_BLOCK_CAPTURE_AUTORELEASING = YES;
				CLANG_WARN_BOOL_CONVERSION = YES;
				CLANG_WARN_COMMA = YES;
				CLANG_WARN_CONSTANT_CONVERSION = YES;
				CLANG_WARN_DEPRECATED_OBJC_IMPLEMENTATIONS = YES;
				CLANG_WARN_DIRECT_OBJC_ISA_USAGE = YES_ERROR;
				CLANG_WARN_DOCUMENTATION_COMMENTS = YES;
				CLANG_WARN_EMPTY_BODY = YES;
				CLANG_WARN_ENUM_CONVERSION = YES;
				CLANG_WARN_INFINITE_RECURSION = YES;
				CLANG_WARN_INT_CONVERSION = YES;
				CLANG_WARN_NON_LITERAL_NULL_CONVERSION = YES;
				CLANG_WARN_OBJC_IMPLICIT_RETAIN_SELF = YES;
				CLANG_WARN_OBJC_LITERAL_CONVERSION = YES;
				CLANG_WARN_OBJC_ROOT_CLASS = YES_ERROR;
				CLANG_WARN_QUOTED_INCLUDE_IN_FRAMEWORK_HEADER = YES;
				CLANG_WARN_RANGE_LOOP_ANALYSIS = YES;
				CLANG_WARN_STRICT_PROTOTYPES = YES;
				CLANG_WARN_SUSPICIOUS_MOVE = YES;
				CLANG_WARN_UNGUARDED_AVAILABILITY = YES_AGGRESSIVE;
				CLANG_WARN_UNREACHABLE_CODE = YES;
				CLANG_WARN__DUPLICATE_METHOD_MATCH = YES;
				COPY_PHASE_STRIP = NO;
				DEBUG_INFORMATION_FORMAT = "dwarf-with-dsym";
				ENABLE_NS_ASSERTIONS = NO;
				ENABLE_STRICT_OBJC_MSGSEND = YES;
				GCC_C_LANGUAGE_STANDARD = gnu11;
				GCC_NO_COMMON_BLOCKS = YES;
				GCC_WARN_64_TO_32_BIT_CONVERSION = YES;
				GCC_WARN_ABOUT_RETURN_TYPE = YES_ERROR;
				GCC_WARN_UNDECLARED_SELECTOR = YES;
				GCC_WARN_UNINITIALIZED_AUTOS = YES_AGGRESSIVE;
				GCC_WARN_UNUSED_FUNCTION = YES;
				GCC_WARN_UNUSED_VARIABLE = YES;
				IPHONEOS_DEPLOYMENT_TARGET = 15.0;
				MTL_ENABLE_DEBUG_INFO = NO;
				MTL_FAST_MATH = YES;
				SDKROOT = iphoneos;
				SWIFT_COMPILATION_MODE = wholemodule;
				SWIFT_OPTIMIZATION_LEVEL = "-O";
				VALIDATE_PRODUCT = YES;
			};
			name = Release;
		};
		D44D660327BFEAE4007346AB /* Debug */ = {
			isa = XCBuildConfiguration;
			buildSettings = {
				ASSETCATALOG_COMPILER_APPICON_NAME = AppIcon;
				ASSETCATALOG_COMPILER_GLOBAL_ACCENT_COLOR_NAME = AccentColor;
				CODE_SIGN_STYLE = Automatic;
				CURRENT_PROJECT_VERSION = 1;
				DEVELOPMENT_TEAM = BR3T8YBB5L;
				GENERATE_INFOPLIST_FILE = YES;
				INFOPLIST_FILE = "tinder-app/Info.plist";
				INFOPLIST_KEY_UIApplicationSupportsIndirectInputEvents = YES;
				INFOPLIST_KEY_UILaunchStoryboardName = LaunchScreen;
				INFOPLIST_KEY_UISupportedInterfaceOrientations_iPad = "UIInterfaceOrientationPortrait UIInterfaceOrientationPortraitUpsideDown UIInterfaceOrientationLandscapeLeft UIInterfaceOrientationLandscapeRight";
				INFOPLIST_KEY_UISupportedInterfaceOrientations_iPhone = "UIInterfaceOrientationPortrait UIInterfaceOrientationLandscapeLeft UIInterfaceOrientationLandscapeRight";
				LD_RUNPATH_SEARCH_PATHS = (
					"$(inherited)",
					"@executable_path/Frameworks",
				);
				MARKETING_VERSION = 1.0;
				PRODUCT_BUNDLE_IDENTIFIER = "com.gmail.yuukirinnma.tinder-app";
				PRODUCT_NAME = "$(TARGET_NAME)";
				SWIFT_EMIT_LOC_STRINGS = YES;
				SWIFT_VERSION = 5.0;
				TARGETED_DEVICE_FAMILY = "1,2";
			};
			name = Debug;
		};
		D44D660427BFEAE4007346AB /* Release */ = {
			isa = XCBuildConfiguration;
			buildSettings = {
				ASSETCATALOG_COMPILER_APPICON_NAME = AppIcon;
				ASSETCATALOG_COMPILER_GLOBAL_ACCENT_COLOR_NAME = AccentColor;
				CODE_SIGN_STYLE = Automatic;
				CURRENT_PROJECT_VERSION = 1;
				DEVELOPMENT_TEAM = BR3T8YBB5L;
				GENERATE_INFOPLIST_FILE = YES;
				INFOPLIST_FILE = "tinder-app/Info.plist";
				INFOPLIST_KEY_UIApplicationSupportsIndirectInputEvents = YES;
				INFOPLIST_KEY_UILaunchStoryboardName = LaunchScreen;
				INFOPLIST_KEY_UISupportedInterfaceOrientations_iPad = "UIInterfaceOrientationPortrait UIInterfaceOrientationPortraitUpsideDown UIInterfaceOrientationLandscapeLeft UIInterfaceOrientationLandscapeRight";
				INFOPLIST_KEY_UISupportedInterfaceOrientations_iPhone = "UIInterfaceOrientationPortrait UIInterfaceOrientationLandscapeLeft UIInterfaceOrientationLandscapeRight";
				LD_RUNPATH_SEARCH_PATHS = (
					"$(inherited)",
					"@executable_path/Frameworks",
				);
				MARKETING_VERSION = 1.0;
				PRODUCT_BUNDLE_IDENTIFIER = "com.gmail.yuukirinnma.tinder-app";
				PRODUCT_NAME = "$(TARGET_NAME)";
				SWIFT_EMIT_LOC_STRINGS = YES;
				SWIFT_VERSION = 5.0;
				TARGETED_DEVICE_FAMILY = "1,2";
			};
			name = Release;
		};
/* End XCBuildConfiguration section */

/* Begin XCConfigurationList section */
		D44D65E927BFEAE3007346AB /* Build configuration list for PBXProject "tinder-app" */ = {
			isa = XCConfigurationList;
			buildConfigurations = (
				D44D660027BFEAE4007346AB /* Debug */,
				D44D660127BFEAE4007346AB /* Release */,
			);
			defaultConfigurationIsVisible = 0;
			defaultConfigurationName = Release;
		};
		D44D660227BFEAE4007346AB /* Build configuration list for PBXNativeTarget "tinder-app" */ = {
			isa = XCConfigurationList;
			buildConfigurations = (
				D44D660327BFEAE4007346AB /* Debug */,
				D44D660427BFEAE4007346AB /* Release */,
			);
			defaultConfigurationIsVisible = 0;
			defaultConfigurationName = Release;
		};
/* End XCConfigurationList section */
	};
	rootObject = D44D65E627BFEAE3007346AB /* Project object */;
}
