// !$*UTF8*$!
{
	archiveVersion = 1;
	classes = {
	};
	objectVersion = 55;
	objects = {

/* Begin PBXBuildFile section */
		D42BF46A27CA307E009F92E0 /* RegisterViewModel.swift in Sources */ = {isa = PBXBuildFile; fileRef = D42BF46927CA307E009F92E0 /* RegisterViewModel.swift */; };
		D42BF46C27CE5AFF009F92E0 /* FirebaseExtension.swift in Sources */ = {isa = PBXBuildFile; fileRef = D42BF46B27CE5AFF009F92E0 /* FirebaseExtension.swift */; };
		D44D65F227BFEAE3007346AB /* AppDelegate.swift in Sources */ = {isa = PBXBuildFile; fileRef = D44D65F127BFEAE3007346AB /* AppDelegate.swift */; };
		D44D65F427BFEAE3007346AB /* SceneDelegate.swift in Sources */ = {isa = PBXBuildFile; fileRef = D44D65F327BFEAE3007346AB /* SceneDelegate.swift */; };
		D44D65F627BFEAE3007346AB /* HomeViewController.swift in Sources */ = {isa = PBXBuildFile; fileRef = D44D65F527BFEAE3007346AB /* HomeViewController.swift */; };
		D44D65FB27BFEAE4007346AB /* Assets.xcassets in Resources */ = {isa = PBXBuildFile; fileRef = D44D65FA27BFEAE4007346AB /* Assets.xcassets */; };
		D44D65FE27BFEAE4007346AB /* LaunchScreen.storyboard in Resources */ = {isa = PBXBuildFile; fileRef = D44D65FC27BFEAE4007346AB /* LaunchScreen.storyboard */; };
		D44D660827C13039007346AB /* BottomView.swift in Sources */ = {isa = PBXBuildFile; fileRef = D44D660727C13039007346AB /* BottomView.swift */; };
		D44D660A27C21B63007346AB /* BottomButtonView.swift in Sources */ = {isa = PBXBuildFile; fileRef = D44D660927C21B63007346AB /* BottomButtonView.swift */; };
		D44D660D27C2352A007346AB /* UIImageExtension.swift in Sources */ = {isa = PBXBuildFile; fileRef = D44D660C27C2352A007346AB /* UIImageExtension.swift */; };
		D44D660F27C242BF007346AB /* TopView.swift in Sources */ = {isa = PBXBuildFile; fileRef = D44D660E27C242BF007346AB /* TopView.swift */; };
		D44D661227C254B5007346AB /* RxCocoa in Frameworks */ = {isa = PBXBuildFile; productRef = D44D661127C254B5007346AB /* RxCocoa */; };
		D44D661427C254B5007346AB /* RxRelay in Frameworks */ = {isa = PBXBuildFile; productRef = D44D661327C254B5007346AB /* RxRelay */; };
		D44D661627C254B5007346AB /* RxSwift in Frameworks */ = {isa = PBXBuildFile; productRef = D44D661527C254B5007346AB /* RxSwift */; };
		D44D661827C26C2B007346AB /* UIViewExtension.swift in Sources */ = {isa = PBXBuildFile; fileRef = D44D661727C26C2B007346AB /* UIViewExtension.swift */; };
		D4D9630C27C3F2630029A739 /* CenterView.swift in Sources */ = {isa = PBXBuildFile; fileRef = D4D9630B27C3F2630029A739 /* CenterView.swift */; };
		D4D9630E27C4D79F0029A739 /* UIColorExtension.swift in Sources */ = {isa = PBXBuildFile; fileRef = D4D9630D27C4D79F0029A739 /* UIColorExtension.swift */; };
		D4D9631027C4E3D80029A739 /* CardLabel.swift in Sources */ = {isa = PBXBuildFile; fileRef = D4D9630F27C4E3D80029A739 /* CardLabel.swift */; };
		D4D9631227C4ECAA0029A739 /* CardImage.swift in Sources */ = {isa = PBXBuildFile; fileRef = D4D9631127C4ECAA0029A739 /* CardImage.swift */; };
		D4D9631427C4ED3E0029A739 /* CardButton.swift in Sources */ = {isa = PBXBuildFile; fileRef = D4D9631327C4ED3E0029A739 /* CardButton.swift */; };
		D4D9631627C528760029A739 /* GoogleService-Info.plist in Resources */ = {isa = PBXBuildFile; fileRef = D4D9631527C528760029A739 /* GoogleService-Info.plist */; };
		D4D9631927C52B9F0029A739 /* FirebaseAnalytics in Frameworks */ = {isa = PBXBuildFile; productRef = D4D9631827C52B9F0029A739 /* FirebaseAnalytics */; };
		D4D9631B27C52B9F0029A739 /* FirebaseAnalyticsSwift-Beta in Frameworks */ = {isa = PBXBuildFile; productRef = D4D9631A27C52B9F0029A739 /* FirebaseAnalyticsSwift-Beta */; };
		D4D9631D27C52B9F0029A739 /* FirebaseAnalyticsWithoutAdIdSupport in Frameworks */ = {isa = PBXBuildFile; productRef = D4D9631C27C52B9F0029A739 /* FirebaseAnalyticsWithoutAdIdSupport */; };
		D4D9631F27C52B9F0029A739 /* FirebaseAppCheck in Frameworks */ = {isa = PBXBuildFile; productRef = D4D9631E27C52B9F0029A739 /* FirebaseAppCheck */; };
		D4D9632127C52B9F0029A739 /* FirebaseAppDistribution-Beta in Frameworks */ = {isa = PBXBuildFile; productRef = D4D9632027C52B9F0029A739 /* FirebaseAppDistribution-Beta */; };
		D4D9632327C52B9F0029A739 /* FirebaseAuth in Frameworks */ = {isa = PBXBuildFile; productRef = D4D9632227C52B9F0029A739 /* FirebaseAuth */; };
		D4D9632527C52B9F0029A739 /* FirebaseAuthCombine-Community in Frameworks */ = {isa = PBXBuildFile; productRef = D4D9632427C52B9F0029A739 /* FirebaseAuthCombine-Community */; };
		D4D9632727C52B9F0029A739 /* FirebaseCrashlytics in Frameworks */ = {isa = PBXBuildFile; productRef = D4D9632627C52B9F0029A739 /* FirebaseCrashlytics */; };
		D4D9632927C52B9F0029A739 /* FirebaseDatabase in Frameworks */ = {isa = PBXBuildFile; productRef = D4D9632827C52B9F0029A739 /* FirebaseDatabase */; };
		D4D9632B27C52B9F0029A739 /* FirebaseDatabaseSwift-Beta in Frameworks */ = {isa = PBXBuildFile; productRef = D4D9632A27C52B9F0029A739 /* FirebaseDatabaseSwift-Beta */; };
		D4D9632D27C52B9F0029A739 /* FirebaseDynamicLinks in Frameworks */ = {isa = PBXBuildFile; productRef = D4D9632C27C52B9F0029A739 /* FirebaseDynamicLinks */; };
		D4D9632F27C52B9F0029A739 /* FirebaseFirestore in Frameworks */ = {isa = PBXBuildFile; productRef = D4D9632E27C52B9F0029A739 /* FirebaseFirestore */; };
		D4D9633127C52B9F0029A739 /* FirebaseFirestoreCombine-Community in Frameworks */ = {isa = PBXBuildFile; productRef = D4D9633027C52B9F0029A739 /* FirebaseFirestoreCombine-Community */; };
		D4D9633327C52B9F0029A739 /* FirebaseFirestoreSwift-Beta in Frameworks */ = {isa = PBXBuildFile; productRef = D4D9633227C52B9F0029A739 /* FirebaseFirestoreSwift-Beta */; };
		D4D9633527C52B9F0029A739 /* FirebaseFunctions in Frameworks */ = {isa = PBXBuildFile; productRef = D4D9633427C52B9F0029A739 /* FirebaseFunctions */; };
		D4D9633727C52B9F0029A739 /* FirebaseFunctionsCombine-Community in Frameworks */ = {isa = PBXBuildFile; productRef = D4D9633627C52B9F0029A739 /* FirebaseFunctionsCombine-Community */; };
		D4D9633927C52B9F0029A739 /* FirebaseFunctionsSwift-Beta in Frameworks */ = {isa = PBXBuildFile; productRef = D4D9633827C52B9F0029A739 /* FirebaseFunctionsSwift-Beta */; };
		D4D9633B27C52B9F0029A739 /* FirebaseInAppMessaging-Beta in Frameworks */ = {isa = PBXBuildFile; productRef = D4D9633A27C52B9F0029A739 /* FirebaseInAppMessaging-Beta */; };
		D4D9633D27C52B9F0029A739 /* FirebaseInAppMessagingSwift-Beta in Frameworks */ = {isa = PBXBuildFile; productRef = D4D9633C27C52B9F0029A739 /* FirebaseInAppMessagingSwift-Beta */; };
		D4D9633F27C52B9F0029A739 /* FirebaseInstallations in Frameworks */ = {isa = PBXBuildFile; productRef = D4D9633E27C52B9F0029A739 /* FirebaseInstallations */; };
		D4D9634127C52B9F0029A739 /* FirebaseMLModelDownloader in Frameworks */ = {isa = PBXBuildFile; productRef = D4D9634027C52B9F0029A739 /* FirebaseMLModelDownloader */; };
		D4D9634327C52B9F0029A739 /* FirebaseMessaging in Frameworks */ = {isa = PBXBuildFile; productRef = D4D9634227C52B9F0029A739 /* FirebaseMessaging */; };
		D4D9634527C52B9F0029A739 /* FirebasePerformance in Frameworks */ = {isa = PBXBuildFile; productRef = D4D9634427C52B9F0029A739 /* FirebasePerformance */; };
		D4D9634727C52B9F0029A739 /* FirebaseRemoteConfig in Frameworks */ = {isa = PBXBuildFile; productRef = D4D9634627C52B9F0029A739 /* FirebaseRemoteConfig */; };
		D4D9634927C52B9F0029A739 /* FirebaseRemoteConfigSwift-Beta in Frameworks */ = {isa = PBXBuildFile; productRef = D4D9634827C52B9F0029A739 /* FirebaseRemoteConfigSwift-Beta */; };
		D4D9634B27C52B9F0029A739 /* FirebaseStorage in Frameworks */ = {isa = PBXBuildFile; productRef = D4D9634A27C52B9F0029A739 /* FirebaseStorage */; };
		D4D9634D27C52B9F0029A739 /* FirebaseStorageCombine-Community in Frameworks */ = {isa = PBXBuildFile; productRef = D4D9634C27C52B9F0029A739 /* FirebaseStorageCombine-Community */; };
		D4D9634F27C52B9F0029A739 /* FirebaseStorageSwift-Beta in Frameworks */ = {isa = PBXBuildFile; productRef = D4D9634E27C52B9F0029A739 /* FirebaseStorageSwift-Beta */; };
		D4D9635327C52F810029A739 /* RegisterViewController.swift in Sources */ = {isa = PBXBuildFile; fileRef = D4D9635227C52F810029A739 /* RegisterViewController.swift */; };
		D4D9635727C53ADE0029A739 /* RegisterTextField.swift in Sources */ = {isa = PBXBuildFile; fileRef = D4D9635627C53ADE0029A739 /* RegisterTextField.swift */; };
		D4D9635927C53CAA0029A739 /* RegisterButton.swift in Sources */ = {isa = PBXBuildFile; fileRef = D4D9635827C53CAA0029A739 /* RegisterButton.swift */; };
		D4D9635B27C794EF0029A739 /* RegisterTitleLabel.swift in Sources */ = {isa = PBXBuildFile; fileRef = D4D9635A27C794EF0029A739 /* RegisterTitleLabel.swift */; };
/* End PBXBuildFile section */

/* Begin PBXFileReference section */
		D42BF46927CA307E009F92E0 /* RegisterViewModel.swift */ = {isa = PBXFileReference; lastKnownFileType = sourcecode.swift; path = RegisterViewModel.swift; sourceTree = "<group>"; };
		D42BF46B27CE5AFF009F92E0 /* FirebaseExtension.swift */ = {isa = PBXFileReference; lastKnownFileType = sourcecode.swift; path = FirebaseExtension.swift; sourceTree = "<group>"; };
		D44D65EE27BFEAE3007346AB /* tinder-app.app */ = {isa = PBXFileReference; explicitFileType = wrapper.application; includeInIndex = 0; path = "tinder-app.app"; sourceTree = BUILT_PRODUCTS_DIR; };
		D44D65F127BFEAE3007346AB /* AppDelegate.swift */ = {isa = PBXFileReference; lastKnownFileType = sourcecode.swift; path = AppDelegate.swift; sourceTree = "<group>"; };
		D44D65F327BFEAE3007346AB /* SceneDelegate.swift */ = {isa = PBXFileReference; lastKnownFileType = sourcecode.swift; path = SceneDelegate.swift; sourceTree = "<group>"; };
		D44D65F527BFEAE3007346AB /* HomeViewController.swift */ = {isa = PBXFileReference; lastKnownFileType = sourcecode.swift; path = HomeViewController.swift; sourceTree = "<group>"; };
		D44D65FA27BFEAE4007346AB /* Assets.xcassets */ = {isa = PBXFileReference; lastKnownFileType = folder.assetcatalog; path = Assets.xcassets; sourceTree = "<group>"; };
		D44D65FD27BFEAE4007346AB /* Base */ = {isa = PBXFileReference; lastKnownFileType = file.storyboard; name = Base; path = Base.lproj/LaunchScreen.storyboard; sourceTree = "<group>"; };
		D44D65FF27BFEAE4007346AB /* Info.plist */ = {isa = PBXFileReference; lastKnownFileType = text.plist.xml; path = Info.plist; sourceTree = "<group>"; };
		D44D660727C13039007346AB /* BottomView.swift */ = {isa = PBXFileReference; lastKnownFileType = sourcecode.swift; path = BottomView.swift; sourceTree = "<group>"; };
		D44D660927C21B63007346AB /* BottomButtonView.swift */ = {isa = PBXFileReference; lastKnownFileType = sourcecode.swift; path = BottomButtonView.swift; sourceTree = "<group>"; };
		D44D660C27C2352A007346AB /* UIImageExtension.swift */ = {isa = PBXFileReference; lastKnownFileType = sourcecode.swift; path = UIImageExtension.swift; sourceTree = "<group>"; };
		D44D660E27C242BF007346AB /* TopView.swift */ = {isa = PBXFileReference; lastKnownFileType = sourcecode.swift; path = TopView.swift; sourceTree = "<group>"; };
		D44D661727C26C2B007346AB /* UIViewExtension.swift */ = {isa = PBXFileReference; lastKnownFileType = sourcecode.swift; path = UIViewExtension.swift; sourceTree = "<group>"; };
		D4D9630B27C3F2630029A739 /* CenterView.swift */ = {isa = PBXFileReference; lastKnownFileType = sourcecode.swift; path = CenterView.swift; sourceTree = "<group>"; };
		D4D9630D27C4D79F0029A739 /* UIColorExtension.swift */ = {isa = PBXFileReference; lastKnownFileType = sourcecode.swift; path = UIColorExtension.swift; sourceTree = "<group>"; };
		D4D9630F27C4E3D80029A739 /* CardLabel.swift */ = {isa = PBXFileReference; lastKnownFileType = sourcecode.swift; path = CardLabel.swift; sourceTree = "<group>"; };
		D4D9631127C4ECAA0029A739 /* CardImage.swift */ = {isa = PBXFileReference; lastKnownFileType = sourcecode.swift; path = CardImage.swift; sourceTree = "<group>"; };
		D4D9631327C4ED3E0029A739 /* CardButton.swift */ = {isa = PBXFileReference; lastKnownFileType = sourcecode.swift; path = CardButton.swift; sourceTree = "<group>"; };
		D4D9631527C528760029A739 /* GoogleService-Info.plist */ = {isa = PBXFileReference; fileEncoding = 4; lastKnownFileType = text.plist.xml; path = "GoogleService-Info.plist"; sourceTree = "<group>"; };
		D4D9635227C52F810029A739 /* RegisterViewController.swift */ = {isa = PBXFileReference; lastKnownFileType = sourcecode.swift; path = RegisterViewController.swift; sourceTree = "<group>"; };
		D4D9635627C53ADE0029A739 /* RegisterTextField.swift */ = {isa = PBXFileReference; lastKnownFileType = sourcecode.swift; path = RegisterTextField.swift; sourceTree = "<group>"; };
		D4D9635827C53CAA0029A739 /* RegisterButton.swift */ = {isa = PBXFileReference; lastKnownFileType = sourcecode.swift; path = RegisterButton.swift; sourceTree = "<group>"; };
		D4D9635A27C794EF0029A739 /* RegisterTitleLabel.swift */ = {isa = PBXFileReference; lastKnownFileType = sourcecode.swift; path = RegisterTitleLabel.swift; sourceTree = "<group>"; };
/* End PBXFileReference section */

/* Begin PBXFrameworksBuildPhase section */
		D44D65EB27BFEAE3007346AB /* Frameworks */ = {
			isa = PBXFrameworksBuildPhase;
			buildActionMask = 2147483647;
			files = (
				D4D9633D27C52B9F0029A739 /* FirebaseInAppMessagingSwift-Beta in Frameworks */,
				D4D9631B27C52B9F0029A739 /* FirebaseAnalyticsSwift-Beta in Frameworks */,
				D4D9631D27C52B9F0029A739 /* FirebaseAnalyticsWithoutAdIdSupport in Frameworks */,
				D4D9634127C52B9F0029A739 /* FirebaseMLModelDownloader in Frameworks */,
				D44D661627C254B5007346AB /* RxSwift in Frameworks */,
				D4D9633527C52B9F0029A739 /* FirebaseFunctions in Frameworks */,
				D4D9633F27C52B9F0029A739 /* FirebaseInstallations in Frameworks */,
				D4D9634327C52B9F0029A739 /* FirebaseMessaging in Frameworks */,
				D4D9634F27C52B9F0029A739 /* FirebaseStorageSwift-Beta in Frameworks */,
				D44D661427C254B5007346AB /* RxRelay in Frameworks */,
				D4D9634727C52B9F0029A739 /* FirebaseRemoteConfig in Frameworks */,
				D4D9632327C52B9F0029A739 /* FirebaseAuth in Frameworks */,
				D4D9634B27C52B9F0029A739 /* FirebaseStorage in Frameworks */,
				D4D9634927C52B9F0029A739 /* FirebaseRemoteConfigSwift-Beta in Frameworks */,
				D4D9634527C52B9F0029A739 /* FirebasePerformance in Frameworks */,
				D4D9632D27C52B9F0029A739 /* FirebaseDynamicLinks in Frameworks */,
				D4D9632727C52B9F0029A739 /* FirebaseCrashlytics in Frameworks */,
				D4D9633B27C52B9F0029A739 /* FirebaseInAppMessaging-Beta in Frameworks */,
				D4D9632B27C52B9F0029A739 /* FirebaseDatabaseSwift-Beta in Frameworks */,
				D4D9632F27C52B9F0029A739 /* FirebaseFirestore in Frameworks */,
				D4D9633127C52B9F0029A739 /* FirebaseFirestoreCombine-Community in Frameworks */,
				D4D9633727C52B9F0029A739 /* FirebaseFunctionsCombine-Community in Frameworks */,
				D4D9633327C52B9F0029A739 /* FirebaseFirestoreSwift-Beta in Frameworks */,
				D4D9634D27C52B9F0029A739 /* FirebaseStorageCombine-Community in Frameworks */,
				D4D9632927C52B9F0029A739 /* FirebaseDatabase in Frameworks */,
				D4D9631F27C52B9F0029A739 /* FirebaseAppCheck in Frameworks */,
				D4D9631927C52B9F0029A739 /* FirebaseAnalytics in Frameworks */,
				D44D661227C254B5007346AB /* RxCocoa in Frameworks */,
				D4D9632127C52B9F0029A739 /* FirebaseAppDistribution-Beta in Frameworks */,
				D4D9632527C52B9F0029A739 /* FirebaseAuthCombine-Community in Frameworks */,
				D4D9633927C52B9F0029A739 /* FirebaseFunctionsSwift-Beta in Frameworks */,
			);
			runOnlyForDeploymentPostprocessing = 0;
		};
/* End PBXFrameworksBuildPhase section */

/* Begin PBXGroup section */
		D42BF46827CA3048009F92E0 /* ViewModel */ = {
			isa = PBXGroup;
			children = (
				D42BF46927CA307E009F92E0 /* RegisterViewModel.swift */,
			);
			path = ViewModel;
			sourceTree = "<group>";
		};
		D44D65E527BFEAE3007346AB = {
			isa = PBXGroup;
			children = (
				D44D65F027BFEAE3007346AB /* tinder-app */,
				D44D65EF27BFEAE3007346AB /* Products */,
			);
			sourceTree = "<group>";
		};
		D44D65EF27BFEAE3007346AB /* Products */ = {
			isa = PBXGroup;
			children = (
				D44D65EE27BFEAE3007346AB /* tinder-app.app */,
			);
			name = Products;
			sourceTree = "<group>";
		};
		D44D65F027BFEAE3007346AB /* tinder-app */ = {
			isa = PBXGroup;
			children = (
				D44D660B27C23519007346AB /* Extensions */,
				D44D660527C12F56007346AB /* ViewControllers */,
				D44D660627C13000007346AB /* Views */,
				D42BF46827CA3048009F92E0 /* ViewModel */,
				D44D65F127BFEAE3007346AB /* AppDelegate.swift */,
				D44D65F327BFEAE3007346AB /* SceneDelegate.swift */,
				D44D65FA27BFEAE4007346AB /* Assets.xcassets */,
				D44D65FC27BFEAE4007346AB /* LaunchScreen.storyboard */,
				D44D65FF27BFEAE4007346AB /* Info.plist */,
				D4D9631527C528760029A739 /* GoogleService-Info.plist */,
			);
			path = "tinder-app";
			sourceTree = "<group>";
		};
		D44D660527C12F56007346AB /* ViewControllers */ = {
			isa = PBXGroup;
			children = (
				D4D9635227C52F810029A739 /* RegisterViewController.swift */,
				D44D65F527BFEAE3007346AB /* HomeViewController.swift */,
			);
			path = ViewControllers;
			sourceTree = "<group>";
		};
		D44D660627C13000007346AB /* Views */ = {
			isa = PBXGroup;
			children = (
				D4D9635127C52F570029A739 /* Home */,
				D4D9635027C52F4F0029A739 /* Register */,
			);
			path = Views;
			sourceTree = "<group>";
		};
		D44D660B27C23519007346AB /* Extensions */ = {
			isa = PBXGroup;
			children = (
				D44D660C27C2352A007346AB /* UIImageExtension.swift */,
				D44D661727C26C2B007346AB /* UIViewExtension.swift */,
				D4D9630D27C4D79F0029A739 /* UIColorExtension.swift */,
				D42BF46B27CE5AFF009F92E0 /* FirebaseExtension.swift */,
			);
			path = Extensions;
			sourceTree = "<group>";
		};
		D4D9635027C52F4F0029A739 /* Register */ = {
			isa = PBXGroup;
			children = (
				D4D9635627C53ADE0029A739 /* RegisterTextField.swift */,
				D4D9635827C53CAA0029A739 /* RegisterButton.swift */,
				D4D9635A27C794EF0029A739 /* RegisterTitleLabel.swift */,
			);
			path = Register;
			sourceTree = "<group>";
		};
		D4D9635127C52F570029A739 /* Home */ = {
			isa = PBXGroup;
			children = (
				D44D660E27C242BF007346AB /* TopView.swift */,
				D4D9630B27C3F2630029A739 /* CenterView.swift */,
				D4D9630F27C4E3D80029A739 /* CardLabel.swift */,
				D4D9631127C4ECAA0029A739 /* CardImage.swift */,
				D4D9631327C4ED3E0029A739 /* CardButton.swift */,
				D44D660727C13039007346AB /* BottomView.swift */,
				D44D660927C21B63007346AB /* BottomButtonView.swift */,
			);
			path = Home;
			sourceTree = "<group>";
		};
/* End PBXGroup section */

/* Begin PBXNativeTarget section */
		D44D65ED27BFEAE3007346AB /* tinder-app */ = {
			isa = PBXNativeTarget;
			buildConfigurationList = D44D660227BFEAE4007346AB /* Build configuration list for PBXNativeTarget "tinder-app" */;
			buildPhases = (
				D44D65EA27BFEAE3007346AB /* Sources */,
				D44D65EB27BFEAE3007346AB /* Frameworks */,
				D44D65EC27BFEAE3007346AB /* Resources */,
			);
			buildRules = (
			);
			dependencies = (
			);
			name = "tinder-app";
			packageProductDependencies = (
				D44D661127C254B5007346AB /* RxCocoa */,
				D44D661327C254B5007346AB /* RxRelay */,
				D44D661527C254B5007346AB /* RxSwift */,
				D4D9631827C52B9F0029A739 /* FirebaseAnalytics */,
				D4D9631A27C52B9F0029A739 /* FirebaseAnalyticsSwift-Beta */,
				D4D9631C27C52B9F0029A739 /* FirebaseAnalyticsWithoutAdIdSupport */,
				D4D9631E27C52B9F0029A739 /* FirebaseAppCheck */,
				D4D9632027C52B9F0029A739 /* FirebaseAppDistribution-Beta */,
				D4D9632227C52B9F0029A739 /* FirebaseAuth */,
				D4D9632427C52B9F0029A739 /* FirebaseAuthCombine-Community */,
				D4D9632627C52B9F0029A739 /* FirebaseCrashlytics */,
				D4D9632827C52B9F0029A739 /* FirebaseDatabase */,
				D4D9632A27C52B9F0029A739 /* FirebaseDatabaseSwift-Beta */,
				D4D9632C27C52B9F0029A739 /* FirebaseDynamicLinks */,
				D4D9632E27C52B9F0029A739 /* FirebaseFirestore */,
				D4D9633027C52B9F0029A739 /* FirebaseFirestoreCombine-Community */,
				D4D9633227C52B9F0029A739 /* FirebaseFirestoreSwift-Beta */,
				D4D9633427C52B9F0029A739 /* FirebaseFunctions */,
				D4D9633627C52B9F0029A739 /* FirebaseFunctionsCombine-Community */,
				D4D9633827C52B9F0029A739 /* FirebaseFunctionsSwift-Beta */,
				D4D9633A27C52B9F0029A739 /* FirebaseInAppMessaging-Beta */,
				D4D9633C27C52B9F0029A739 /* FirebaseInAppMessagingSwift-Beta */,
				D4D9633E27C52B9F0029A739 /* FirebaseInstallations */,
				D4D9634027C52B9F0029A739 /* FirebaseMLModelDownloader */,
				D4D9634227C52B9F0029A739 /* FirebaseMessaging */,
				D4D9634427C52B9F0029A739 /* FirebasePerformance */,
				D4D9634627C52B9F0029A739 /* FirebaseRemoteConfig */,
				D4D9634827C52B9F0029A739 /* FirebaseRemoteConfigSwift-Beta */,
				D4D9634A27C52B9F0029A739 /* FirebaseStorage */,
				D4D9634C27C52B9F0029A739 /* FirebaseStorageCombine-Community */,
				D4D9634E27C52B9F0029A739 /* FirebaseStorageSwift-Beta */,
			);
			productName = "tinder-app";
			productReference = D44D65EE27BFEAE3007346AB /* tinder-app.app */;
			productType = "com.apple.product-type.application";
		};
/* End PBXNativeTarget section */

/* Begin PBXProject section */
		D44D65E627BFEAE3007346AB /* Project object */ = {
			isa = PBXProject;
			attributes = {
				BuildIndependentTargetsInParallel = 1;
				LastSwiftUpdateCheck = 1300;
				LastUpgradeCheck = 1300;
				TargetAttributes = {
					D44D65ED27BFEAE3007346AB = {
						CreatedOnToolsVersion = 13.0;
					};
				};
			};
			buildConfigurationList = D44D65E927BFEAE3007346AB /* Build configuration list for PBXProject "tinder-app" */;
			compatibilityVersion = "Xcode 13.0";
			developmentRegion = en;
			hasScannedForEncodings = 0;
			knownRegions = (
				en,
				Base,
			);
			mainGroup = D44D65E527BFEAE3007346AB;
			packageReferences = (
				D44D661027C254B5007346AB /* XCRemoteSwiftPackageReference "RxSwift" */,
				D4D9631727C52B9F0029A739 /* XCRemoteSwiftPackageReference "firebase-ios-sdk" */,
			);
			productRefGroup = D44D65EF27BFEAE3007346AB /* Products */;
			projectDirPath = "";
			projectRoot = "";
			targets = (
				D44D65ED27BFEAE3007346AB /* tinder-app */,
			);
		};
/* End PBXProject section */

/* Begin PBXResourcesBuildPhase section */
		D44D65EC27BFEAE3007346AB /* Resources */ = {
			isa = PBXResourcesBuildPhase;
			buildActionMask = 2147483647;
			files = (
				D44D65FE27BFEAE4007346AB /* LaunchScreen.storyboard in Resources */,
				D4D9631627C528760029A739 /* GoogleService-Info.plist in Resources */,
				D44D65FB27BFEAE4007346AB /* Assets.xcassets in Resources */,
			);
			runOnlyForDeploymentPostprocessing = 0;
		};
/* End PBXResourcesBuildPhase section */

/* Begin PBXSourcesBuildPhase section */
		D44D65EA27BFEAE3007346AB /* Sources */ = {
			isa = PBXSourcesBuildPhase;
			buildActionMask = 2147483647;
			files = (
				D4D9635927C53CAA0029A739 /* RegisterButton.swift in Sources */,
				D44D660F27C242BF007346AB /* TopView.swift in Sources */,
				D4D9635B27C794EF0029A739 /* RegisterTitleLabel.swift in Sources */,
				D44D65F627BFEAE3007346AB /* HomeViewController.swift in Sources */,
				D4D9635727C53ADE0029A739 /* RegisterTextField.swift in Sources */,
				D4D9631027C4E3D80029A739 /* CardLabel.swift in Sources */,
				D4D9631227C4ECAA0029A739 /* CardImage.swift in Sources */,
				D42BF46A27CA307E009F92E0 /* RegisterViewModel.swift in Sources */,
				D44D660A27C21B63007346AB /* BottomButtonView.swift in Sources */,
				D44D65F227BFEAE3007346AB /* AppDelegate.swift in Sources */,
				D44D65F427BFEAE3007346AB /* SceneDelegate.swift in Sources */,
				D4D9635327C52F810029A739 /* RegisterViewController.swift in Sources */,
				D44D660827C13039007346AB /* BottomView.swift in Sources */,
				D44D661827C26C2B007346AB /* UIViewExtension.swift in Sources */,
				D4D9630E27C4D79F0029A739 /* UIColorExtension.swift in Sources */,
				D4D9631427C4ED3E0029A739 /* CardButton.swift in Sources */,
				D4D9630C27C3F2630029A739 /* CenterView.swift in Sources */,
				D44D660D27C2352A007346AB /* UIImageExtension.swift in Sources */,
				D42BF46C27CE5AFF009F92E0 /* FirebaseExtension.swift in Sources */,
			);
			runOnlyForDeploymentPostprocessing = 0;
		};
/* End PBXSourcesBuildPhase section */

/* Begin PBXVariantGroup section */
		D44D65FC27BFEAE4007346AB /* LaunchScreen.storyboard */ = {
			isa = PBXVariantGroup;
			children = (
				D44D65FD27BFEAE4007346AB /* Base */,
			);
			name = LaunchScreen.storyboard;
			sourceTree = "<group>";
		};
/* End PBXVariantGroup section */

/* Begin XCBuildConfiguration section */
		D44D660027BFEAE4007346AB /* Debug */ = {
			isa = XCBuildConfiguration;
			buildSettings = {
				ALWAYS_SEARCH_USER_PATHS = NO;
				CLANG_ANALYZER_NONNULL = YES;
				CLANG_ANALYZER_NUMBER_OBJECT_CONVERSION = YES_AGGRESSIVE;
				CLANG_CXX_LANGUAGE_STANDARD = "gnu++17";
				CLANG_CXX_LIBRARY = "libc++";
				CLANG_ENABLE_MODULES = YES;
				CLANG_ENABLE_OBJC_ARC = YES;
				CLANG_ENABLE_OBJC_WEAK = YES;
				CLANG_WARN_BLOCK_CAPTURE_AUTORELEASING = YES;
				CLANG_WARN_BOOL_CONVERSION = YES;
				CLANG_WARN_COMMA = YES;
				CLANG_WARN_CONSTANT_CONVERSION = YES;
				CLANG_WARN_DEPRECATED_OBJC_IMPLEMENTATIONS = YES;
				CLANG_WARN_DIRECT_OBJC_ISA_USAGE = YES_ERROR;
				CLANG_WARN_DOCUMENTATION_COMMENTS = YES;
				CLANG_WARN_EMPTY_BODY = YES;
				CLANG_WARN_ENUM_CONVERSION = YES;
				CLANG_WARN_INFINITE_RECURSION = YES;
				CLANG_WARN_INT_CONVERSION = YES;
				CLANG_WARN_NON_LITERAL_NULL_CONVERSION = YES;
				CLANG_WARN_OBJC_IMPLICIT_RETAIN_SELF = YES;
				CLANG_WARN_OBJC_LITERAL_CONVERSION = YES;
				CLANG_WARN_OBJC_ROOT_CLASS = YES_ERROR;
				CLANG_WARN_QUOTED_INCLUDE_IN_FRAMEWORK_HEADER = YES;
				CLANG_WARN_RANGE_LOOP_ANALYSIS = YES;
				CLANG_WARN_STRICT_PROTOTYPES = YES;
				CLANG_WARN_SUSPICIOUS_MOVE = YES;
				CLANG_WARN_UNGUARDED_AVAILABILITY = YES_AGGRESSIVE;
				CLANG_WARN_UNREACHABLE_CODE = YES;
				CLANG_WARN__DUPLICATE_METHOD_MATCH = YES;
				COPY_PHASE_STRIP = NO;
				DEBUG_INFORMATION_FORMAT = dwarf;
				ENABLE_STRICT_OBJC_MSGSEND = YES;
				ENABLE_TESTABILITY = YES;
				GCC_C_LANGUAGE_STANDARD = gnu11;
				GCC_DYNAMIC_NO_PIC = NO;
				GCC_NO_COMMON_BLOCKS = YES;
				GCC_OPTIMIZATION_LEVEL = 0;
				GCC_PREPROCESSOR_DEFINITIONS = (
					"DEBUG=1",
					"$(inherited)",
				);
				GCC_WARN_64_TO_32_BIT_CONVERSION = YES;
				GCC_WARN_ABOUT_RETURN_TYPE = YES_ERROR;
				GCC_WARN_UNDECLARED_SELECTOR = YES;
				GCC_WARN_UNINITIALIZED_AUTOS = YES_AGGRESSIVE;
				GCC_WARN_UNUSED_FUNCTION = YES;
				GCC_WARN_UNUSED_VARIABLE = YES;
				IPHONEOS_DEPLOYMENT_TARGET = 15.0;
				MTL_ENABLE_DEBUG_INFO = INCLUDE_SOURCE;
				MTL_FAST_MATH = YES;
				ONLY_ACTIVE_ARCH = YES;
				SDKROOT = iphoneos;
				SWIFT_ACTIVE_COMPILATION_CONDITIONS = DEBUG;
				SWIFT_OPTIMIZATION_LEVEL = "-Onone";
			};
			name = Debug;
		};
		D44D660127BFEAE4007346AB /* Release */ = {
			isa = XCBuildConfiguration;
			buildSettings = {
				ALWAYS_SEARCH_USER_PATHS = NO;
				CLANG_ANALYZER_NONNULL = YES;
				CLANG_ANALYZER_NUMBER_OBJECT_CONVERSION = YES_AGGRESSIVE;
				CLANG_CXX_LANGUAGE_STANDARD = "gnu++17";
				CLANG_CXX_LIBRARY = "libc++";
				CLANG_ENABLE_MODULES = YES;
				CLANG_ENABLE_OBJC_ARC = YES;
				CLANG_ENABLE_OBJC_WEAK = YES;
				CLANG_WARN_BLOCK_CAPTURE_AUTORELEASING = YES;
				CLANG_WARN_BOOL_CONVERSION = YES;
				CLANG_WARN_COMMA = YES;
				CLANG_WARN_CONSTANT_CONVERSION = YES;
				CLANG_WARN_DEPRECATED_OBJC_IMPLEMENTATIONS = YES;
				CLANG_WARN_DIRECT_OBJC_ISA_USAGE = YES_ERROR;
				CLANG_WARN_DOCUMENTATION_COMMENTS = YES;
				CLANG_WARN_EMPTY_BODY = YES;
				CLANG_WARN_ENUM_CONVERSION = YES;
				CLANG_WARN_INFINITE_RECURSION = YES;
				CLANG_WARN_INT_CONVERSION = YES;
				CLANG_WARN_NON_LITERAL_NULL_CONVERSION = YES;
				CLANG_WARN_OBJC_IMPLICIT_RETAIN_SELF = YES;
				CLANG_WARN_OBJC_LITERAL_CONVERSION = YES;
				CLANG_WARN_OBJC_ROOT_CLASS = YES_ERROR;
				CLANG_WARN_QUOTED_INCLUDE_IN_FRAMEWORK_HEADER = YES;
				CLANG_WARN_RANGE_LOOP_ANALYSIS = YES;
				CLANG_WARN_STRICT_PROTOTYPES = YES;
				CLANG_WARN_SUSPICIOUS_MOVE = YES;
				CLANG_WARN_UNGUARDED_AVAILABILITY = YES_AGGRESSIVE;
				CLANG_WARN_UNREACHABLE_CODE = YES;
				CLANG_WARN__DUPLICATE_METHOD_MATCH = YES;
				COPY_PHASE_STRIP = NO;
				DEBUG_INFORMATION_FORMAT = "dwarf-with-dsym";
				ENABLE_NS_ASSERTIONS = NO;
				ENABLE_STRICT_OBJC_MSGSEND = YES;
				GCC_C_LANGUAGE_STANDARD = gnu11;
				GCC_NO_COMMON_BLOCKS = YES;
				GCC_WARN_64_TO_32_BIT_CONVERSION = YES;
				GCC_WARN_ABOUT_RETURN_TYPE = YES_ERROR;
				GCC_WARN_UNDECLARED_SELECTOR = YES;
				GCC_WARN_UNINITIALIZED_AUTOS = YES_AGGRESSIVE;
				GCC_WARN_UNUSED_FUNCTION = YES;
				GCC_WARN_UNUSED_VARIABLE = YES;
				IPHONEOS_DEPLOYMENT_TARGET = 15.0;
				MTL_ENABLE_DEBUG_INFO = NO;
				MTL_FAST_MATH = YES;
				SDKROOT = iphoneos;
				SWIFT_COMPILATION_MODE = wholemodule;
				SWIFT_OPTIMIZATION_LEVEL = "-O";
				VALIDATE_PRODUCT = YES;
			};
			name = Release;
		};
		D44D660327BFEAE4007346AB /* Debug */ = {
			isa = XCBuildConfiguration;
			buildSettings = {
				ASSETCATALOG_COMPILER_APPICON_NAME = AppIcon;
				ASSETCATALOG_COMPILER_GLOBAL_ACCENT_COLOR_NAME = AccentColor;
				CODE_SIGN_STYLE = Automatic;
				CURRENT_PROJECT_VERSION = 1;
				DEVELOPMENT_TEAM = BR3T8YBB5L;
				GENERATE_INFOPLIST_FILE = YES;
				INFOPLIST_FILE = "tinder-app/Info.plist";
				INFOPLIST_KEY_UIApplicationSupportsIndirectInputEvents = YES;
				INFOPLIST_KEY_UILaunchStoryboardName = LaunchScreen;
				INFOPLIST_KEY_UISupportedInterfaceOrientations_iPad = "UIInterfaceOrientationPortrait UIInterfaceOrientationPortraitUpsideDown UIInterfaceOrientationLandscapeLeft UIInterfaceOrientationLandscapeRight";
				INFOPLIST_KEY_UISupportedInterfaceOrientations_iPhone = "UIInterfaceOrientationPortrait UIInterfaceOrientationLandscapeLeft UIInterfaceOrientationLandscapeRight";
				LD_RUNPATH_SEARCH_PATHS = (
					"$(inherited)",
					"@executable_path/Frameworks",
				);
				MARKETING_VERSION = 1.0;
				PRODUCT_BUNDLE_IDENTIFIER = "com.gmail.yuukirinnma.tinder-app";
				PRODUCT_NAME = "$(TARGET_NAME)";
				SWIFT_EMIT_LOC_STRINGS = YES;
				SWIFT_VERSION = 5.0;
				TARGETED_DEVICE_FAMILY = "1,2";
			};
			name = Debug;
		};
		D44D660427BFEAE4007346AB /* Release */ = {
			isa = XCBuildConfiguration;
			buildSettings = {
				ASSETCATALOG_COMPILER_APPICON_NAME = AppIcon;
				ASSETCATALOG_COMPILER_GLOBAL_ACCENT_COLOR_NAME = AccentColor;
				CODE_SIGN_STYLE = Automatic;
				CURRENT_PROJECT_VERSION = 1;
				DEVELOPMENT_TEAM = BR3T8YBB5L;
				GENERATE_INFOPLIST_FILE = YES;
				INFOPLIST_FILE = "tinder-app/Info.plist";
				INFOPLIST_KEY_UIApplicationSupportsIndirectInputEvents = YES;
				INFOPLIST_KEY_UILaunchStoryboardName = LaunchScreen;
				INFOPLIST_KEY_UISupportedInterfaceOrientations_iPad = "UIInterfaceOrientationPortrait UIInterfaceOrientationPortraitUpsideDown UIInterfaceOrientationLandscapeLeft UIInterfaceOrientationLandscapeRight";
				INFOPLIST_KEY_UISupportedInterfaceOrientations_iPhone = "UIInterfaceOrientationPortrait UIInterfaceOrientationLandscapeLeft UIInterfaceOrientationLandscapeRight";
				LD_RUNPATH_SEARCH_PATHS = (
					"$(inherited)",
					"@executable_path/Frameworks",
				);
				MARKETING_VERSION = 1.0;
				PRODUCT_BUNDLE_IDENTIFIER = "com.gmail.yuukirinnma.tinder-app";
				PRODUCT_NAME = "$(TARGET_NAME)";
				SWIFT_EMIT_LOC_STRINGS = YES;
				SWIFT_VERSION = 5.0;
				TARGETED_DEVICE_FAMILY = "1,2";
			};
			name = Release;
		};
/* End XCBuildConfiguration section */

/* Begin XCConfigurationList section */
		D44D65E927BFEAE3007346AB /* Build configuration list for PBXProject "tinder-app" */ = {
			isa = XCConfigurationList;
			buildConfigurations = (
				D44D660027BFEAE4007346AB /* Debug */,
				D44D660127BFEAE4007346AB /* Release */,
			);
			defaultConfigurationIsVisible = 0;
			defaultConfigurationName = Release;
		};
		D44D660227BFEAE4007346AB /* Build configuration list for PBXNativeTarget "tinder-app" */ = {
			isa = XCConfigurationList;
			buildConfigurations = (
				D44D660327BFEAE4007346AB /* Debug */,
				D44D660427BFEAE4007346AB /* Release */,
			);
			defaultConfigurationIsVisible = 0;
			defaultConfigurationName = Release;
		};
/* End XCConfigurationList section */

/* Begin XCRemoteSwiftPackageReference section */
		D44D661027C254B5007346AB /* XCRemoteSwiftPackageReference "RxSwift" */ = {
			isa = XCRemoteSwiftPackageReference;
			repositoryURL = "https://github.com/ReactiveX/RxSwift";
			requirement = {
				kind = upToNextMajorVersion;
				minimumVersion = 6.0.0;
			};
		};
		D4D9631727C52B9F0029A739 /* XCRemoteSwiftPackageReference "firebase-ios-sdk" */ = {
			isa = XCRemoteSwiftPackageReference;
			repositoryURL = "https://github.com/firebase/firebase-ios-sdk";
			requirement = {
				kind = upToNextMajorVersion;
				minimumVersion = 8.0.0;
			};
		};
/* End XCRemoteSwiftPackageReference section */

/* Begin XCSwiftPackageProductDependency section */
		D44D661127C254B5007346AB /* RxCocoa */ = {
			isa = XCSwiftPackageProductDependency;
			package = D44D661027C254B5007346AB /* XCRemoteSwiftPackageReference "RxSwift" */;
			productName = RxCocoa;
		};
		D44D661327C254B5007346AB /* RxRelay */ = {
			isa = XCSwiftPackageProductDependency;
			package = D44D661027C254B5007346AB /* XCRemoteSwiftPackageReference "RxSwift" */;
			productName = RxRelay;
		};
		D44D661527C254B5007346AB /* RxSwift */ = {
			isa = XCSwiftPackageProductDependency;
			package = D44D661027C254B5007346AB /* XCRemoteSwiftPackageReference "RxSwift" */;
			productName = RxSwift;
		};
		D4D9631827C52B9F0029A739 /* FirebaseAnalytics */ = {
			isa = XCSwiftPackageProductDependency;
			package = D4D9631727C52B9F0029A739 /* XCRemoteSwiftPackageReference "firebase-ios-sdk" */;
			productName = FirebaseAnalytics;
		};
		D4D9631A27C52B9F0029A739 /* FirebaseAnalyticsSwift-Beta */ = {
			isa = XCSwiftPackageProductDependency;
			package = D4D9631727C52B9F0029A739 /* XCRemoteSwiftPackageReference "firebase-ios-sdk" */;
			productName = "FirebaseAnalyticsSwift-Beta";
		};
		D4D9631C27C52B9F0029A739 /* FirebaseAnalyticsWithoutAdIdSupport */ = {
			isa = XCSwiftPackageProductDependency;
			package = D4D9631727C52B9F0029A739 /* XCRemoteSwiftPackageReference "firebase-ios-sdk" */;
			productName = FirebaseAnalyticsWithoutAdIdSupport;
		};
		D4D9631E27C52B9F0029A739 /* FirebaseAppCheck */ = {
			isa = XCSwiftPackageProductDependency;
			package = D4D9631727C52B9F0029A739 /* XCRemoteSwiftPackageReference "firebase-ios-sdk" */;
			productName = FirebaseAppCheck;
		};
		D4D9632027C52B9F0029A739 /* FirebaseAppDistribution-Beta */ = {
			isa = XCSwiftPackageProductDependency;
			package = D4D9631727C52B9F0029A739 /* XCRemoteSwiftPackageReference "firebase-ios-sdk" */;
			productName = "FirebaseAppDistribution-Beta";
		};
		D4D9632227C52B9F0029A739 /* FirebaseAuth */ = {
			isa = XCSwiftPackageProductDependency;
			package = D4D9631727C52B9F0029A739 /* XCRemoteSwiftPackageReference "firebase-ios-sdk" */;
			productName = FirebaseAuth;
		};
		D4D9632427C52B9F0029A739 /* FirebaseAuthCombine-Community */ = {
			isa = XCSwiftPackageProductDependency;
			package = D4D9631727C52B9F0029A739 /* XCRemoteSwiftPackageReference "firebase-ios-sdk" */;
			productName = "FirebaseAuthCombine-Community";
		};
		D4D9632627C52B9F0029A739 /* FirebaseCrashlytics */ = {
			isa = XCSwiftPackageProductDependency;
			package = D4D9631727C52B9F0029A739 /* XCRemoteSwiftPackageReference "firebase-ios-sdk" */;
			productName = FirebaseCrashlytics;
		};
		D4D9632827C52B9F0029A739 /* FirebaseDatabase */ = {
			isa = XCSwiftPackageProductDependency;
			package = D4D9631727C52B9F0029A739 /* XCRemoteSwiftPackageReference "firebase-ios-sdk" */;
			productName = FirebaseDatabase;
		};
		D4D9632A27C52B9F0029A739 /* FirebaseDatabaseSwift-Beta */ = {
			isa = XCSwiftPackageProductDependency;
			package = D4D9631727C52B9F0029A739 /* XCRemoteSwiftPackageReference "firebase-ios-sdk" */;
			productName = "FirebaseDatabaseSwift-Beta";
		};
		D4D9632C27C52B9F0029A739 /* FirebaseDynamicLinks */ = {
			isa = XCSwiftPackageProductDependency;
			package = D4D9631727C52B9F0029A739 /* XCRemoteSwiftPackageReference "firebase-ios-sdk" */;
			productName = FirebaseDynamicLinks;
		};
		D4D9632E27C52B9F0029A739 /* FirebaseFirestore */ = {
			isa = XCSwiftPackageProductDependency;
			package = D4D9631727C52B9F0029A739 /* XCRemoteSwiftPackageReference "firebase-ios-sdk" */;
			productName = FirebaseFirestore;
		};
		D4D9633027C52B9F0029A739 /* FirebaseFirestoreCombine-Community */ = {
			isa = XCSwiftPackageProductDependency;
			package = D4D9631727C52B9F0029A739 /* XCRemoteSwiftPackageReference "firebase-ios-sdk" */;
			productName = "FirebaseFirestoreCombine-Community";
		};
		D4D9633227C52B9F0029A739 /* FirebaseFirestoreSwift-Beta */ = {
			isa = XCSwiftPackageProductDependency;
			package = D4D9631727C52B9F0029A739 /* XCRemoteSwiftPackageReference "firebase-ios-sdk" */;
			productName = "FirebaseFirestoreSwift-Beta";
		};
		D4D9633427C52B9F0029A739 /* FirebaseFunctions */ = {
			isa = XCSwiftPackageProductDependency;
			package = D4D9631727C52B9F0029A739 /* XCRemoteSwiftPackageReference "firebase-ios-sdk" */;
			productName = FirebaseFunctions;
		};
		D4D9633627C52B9F0029A739 /* FirebaseFunctionsCombine-Community */ = {
			isa = XCSwiftPackageProductDependency;
			package = D4D9631727C52B9F0029A739 /* XCRemoteSwiftPackageReference "firebase-ios-sdk" */;
			productName = "FirebaseFunctionsCombine-Community";
		};
		D4D9633827C52B9F0029A739 /* FirebaseFunctionsSwift-Beta */ = {
			isa = XCSwiftPackageProductDependency;
			package = D4D9631727C52B9F0029A739 /* XCRemoteSwiftPackageReference "firebase-ios-sdk" */;
			productName = "FirebaseFunctionsSwift-Beta";
		};
		D4D9633A27C52B9F0029A739 /* FirebaseInAppMessaging-Beta */ = {
			isa = XCSwiftPackageProductDependency;
			package = D4D9631727C52B9F0029A739 /* XCRemoteSwiftPackageReference "firebase-ios-sdk" */;
			productName = "FirebaseInAppMessaging-Beta";
		};
		D4D9633C27C52B9F0029A739 /* FirebaseInAppMessagingSwift-Beta */ = {
			isa = XCSwiftPackageProductDependency;
			package = D4D9631727C52B9F0029A739 /* XCRemoteSwiftPackageReference "firebase-ios-sdk" */;
			productName = "FirebaseInAppMessagingSwift-Beta";
		};
		D4D9633E27C52B9F0029A739 /* FirebaseInstallations */ = {
			isa = XCSwiftPackageProductDependency;
			package = D4D9631727C52B9F0029A739 /* XCRemoteSwiftPackageReference "firebase-ios-sdk" */;
			productName = FirebaseInstallations;
		};
		D4D9634027C52B9F0029A739 /* FirebaseMLModelDownloader */ = {
			isa = XCSwiftPackageProductDependency;
			package = D4D9631727C52B9F0029A739 /* XCRemoteSwiftPackageReference "firebase-ios-sdk" */;
			productName = FirebaseMLModelDownloader;
		};
		D4D9634227C52B9F0029A739 /* FirebaseMessaging */ = {
			isa = XCSwiftPackageProductDependency;
			package = D4D9631727C52B9F0029A739 /* XCRemoteSwiftPackageReference "firebase-ios-sdk" */;
			productName = FirebaseMessaging;
		};
		D4D9634427C52B9F0029A739 /* FirebasePerformance */ = {
			isa = XCSwiftPackageProductDependency;
			package = D4D9631727C52B9F0029A739 /* XCRemoteSwiftPackageReference "firebase-ios-sdk" */;
			productName = FirebasePerformance;
		};
		D4D9634627C52B9F0029A739 /* FirebaseRemoteConfig */ = {
			isa = XCSwiftPackageProductDependency;
			package = D4D9631727C52B9F0029A739 /* XCRemoteSwiftPackageReference "firebase-ios-sdk" */;
			productName = FirebaseRemoteConfig;
		};
		D4D9634827C52B9F0029A739 /* FirebaseRemoteConfigSwift-Beta */ = {
			isa = XCSwiftPackageProductDependency;
			package = D4D9631727C52B9F0029A739 /* XCRemoteSwiftPackageReference "firebase-ios-sdk" */;
			productName = "FirebaseRemoteConfigSwift-Beta";
		};
		D4D9634A27C52B9F0029A739 /* FirebaseStorage */ = {
			isa = XCSwiftPackageProductDependency;
			package = D4D9631727C52B9F0029A739 /* XCRemoteSwiftPackageReference "firebase-ios-sdk" */;
			productName = FirebaseStorage;
		};
		D4D9634C27C52B9F0029A739 /* FirebaseStorageCombine-Community */ = {
			isa = XCSwiftPackageProductDependency;
			package = D4D9631727C52B9F0029A739 /* XCRemoteSwiftPackageReference "firebase-ios-sdk" */;
			productName = "FirebaseStorageCombine-Community";
		};
		D4D9634E27C52B9F0029A739 /* FirebaseStorageSwift-Beta */ = {
			isa = XCSwiftPackageProductDependency;
			package = D4D9631727C52B9F0029A739 /* XCRemoteSwiftPackageReference "firebase-ios-sdk" */;
			productName = "FirebaseStorageSwift-Beta";
		};
/* End XCSwiftPackageProductDependency section */
	};
	rootObject = D44D65E627BFEAE3007346AB /* Project object */;
}
